// !$*UTF8*$!
{
	archiveVersion = 1;
	classes = {
	};
	objectVersion = 51;
	objects = {

/* Begin PBXBuildFile section */
		285A667125239E460026FF7F /* AppDelegate.swift in Sources */ = {isa = PBXBuildFile; fileRef = 285A667025239E460026FF7F /* AppDelegate.swift */; };
		285A667325239E460026FF7F /* SceneDelegate.swift in Sources */ = {isa = PBXBuildFile; fileRef = 285A667225239E460026FF7F /* SceneDelegate.swift */; };
		285A667525239E460026FF7F /* ContentView.swift in Sources */ = {isa = PBXBuildFile; fileRef = 285A667425239E460026FF7F /* ContentView.swift */; };
		285A667725239E470026FF7F /* Assets.xcassets in Resources */ = {isa = PBXBuildFile; fileRef = 285A667625239E470026FF7F /* Assets.xcassets */; };
		285A667A25239E470026FF7F /* Preview Assets.xcassets in Resources */ = {isa = PBXBuildFile; fileRef = 285A667925239E470026FF7F /* Preview Assets.xcassets */; };
		285A667D25239E470026FF7F /* LaunchScreen.storyboard in Resources */ = {isa = PBXBuildFile; fileRef = 285A667B25239E470026FF7F /* LaunchScreen.storyboard */; };
		285A668825239E470026FF7F /* todoviperTests.swift in Sources */ = {isa = PBXBuildFile; fileRef = 285A668725239E470026FF7F /* todoviperTests.swift */; };
		285A669325239E470026FF7F /* todoviperUITests.swift in Sources */ = {isa = PBXBuildFile; fileRef = 285A669225239E470026FF7F /* todoviperUITests.swift */; };
		285A66A62523A1120026FF7F /* Item.swift in Sources */ = {isa = PBXBuildFile; fileRef = 285A66A52523A1120026FF7F /* Item.swift */; };
		285A66B92523A2DE0026FF7F /* DataManager.swift in Sources */ = {isa = PBXBuildFile; fileRef = 285A66B82523A2DE0026FF7F /* DataManager.swift */; };
		285A66C12523A9ED0026FF7F /* ListInteractor.swift in Sources */ = {isa = PBXBuildFile; fileRef = 285A66C02523A9ED0026FF7F /* ListInteractor.swift */; };
		285A66C72523AE730026FF7F /* ListPresenter.swift in Sources */ = {isa = PBXBuildFile; fileRef = 285A66C62523AE730026FF7F /* ListPresenter.swift */; };
		285A66D02523AF2A0026FF7F /* ListViewController.swift in Sources */ = {isa = PBXBuildFile; fileRef = 285A66CF2523AF2A0026FF7F /* ListViewController.swift */; };
		66B60D4D86F3A2BD308990CD /* Pods_todoviperTests.framework in Frameworks */ = {isa = PBXBuildFile; fileRef = 17B5BF1407CD476F56357A1C /* Pods_todoviperTests.framework */; };
		99C65012FFEE29AAB4817374 /* Pods_todoviper.framework in Frameworks */ = {isa = PBXBuildFile; fileRef = 6C2C6121737AADED45F22A40 /* Pods_todoviper.framework */; };
		E5F35065EB811311660E5FAB /* Pods_todoviper_todoviperUITests.framework in Frameworks */ = {isa = PBXBuildFile; fileRef = 72117FB2A576B6240009B25D /* Pods_todoviper_todoviperUITests.framework */; };
/* End PBXBuildFile section */

/* Begin PBXContainerItemProxy section */
		285A668425239E470026FF7F /* PBXContainerItemProxy */ = {
			isa = PBXContainerItemProxy;
			containerPortal = 285A666525239E460026FF7F /* Project object */;
			proxyType = 1;
			remoteGlobalIDString = 285A666C25239E460026FF7F;
			remoteInfo = todoviper;
		};
		285A668F25239E470026FF7F /* PBXContainerItemProxy */ = {
			isa = PBXContainerItemProxy;
			containerPortal = 285A666525239E460026FF7F /* Project object */;
			proxyType = 1;
			remoteGlobalIDString = 285A666C25239E460026FF7F;
			remoteInfo = todoviper;
		};
/* End PBXContainerItemProxy section */

/* Begin PBXFileReference section */
		17B5BF1407CD476F56357A1C /* Pods_todoviperTests.framework */ = {isa = PBXFileReference; explicitFileType = wrapper.framework; includeInIndex = 0; path = Pods_todoviperTests.framework; sourceTree = BUILT_PRODUCTS_DIR; };
		1A9C381B178F554D27941E8E /* Pods-todoviperTests.debug.xcconfig */ = {isa = PBXFileReference; includeInIndex = 1; lastKnownFileType = text.xcconfig; name = "Pods-todoviperTests.debug.xcconfig"; path = "Target Support Files/Pods-todoviperTests/Pods-todoviperTests.debug.xcconfig"; sourceTree = "<group>"; };
		285A666D25239E460026FF7F /* todoviper.app */ = {isa = PBXFileReference; explicitFileType = wrapper.application; includeInIndex = 0; path = todoviper.app; sourceTree = BUILT_PRODUCTS_DIR; };
		285A667025239E460026FF7F /* AppDelegate.swift */ = {isa = PBXFileReference; lastKnownFileType = sourcecode.swift; path = AppDelegate.swift; sourceTree = "<group>"; };
		285A667225239E460026FF7F /* SceneDelegate.swift */ = {isa = PBXFileReference; lastKnownFileType = sourcecode.swift; path = SceneDelegate.swift; sourceTree = "<group>"; };
		285A667425239E460026FF7F /* ContentView.swift */ = {isa = PBXFileReference; lastKnownFileType = sourcecode.swift; path = ContentView.swift; sourceTree = "<group>"; };
		285A667625239E470026FF7F /* Assets.xcassets */ = {isa = PBXFileReference; lastKnownFileType = folder.assetcatalog; path = Assets.xcassets; sourceTree = "<group>"; };
		285A667925239E470026FF7F /* Preview Assets.xcassets */ = {isa = PBXFileReference; lastKnownFileType = folder.assetcatalog; path = "Preview Assets.xcassets"; sourceTree = "<group>"; };
		285A667C25239E470026FF7F /* Base */ = {isa = PBXFileReference; lastKnownFileType = file.storyboard; name = Base; path = Base.lproj/LaunchScreen.storyboard; sourceTree = "<group>"; };
		285A667E25239E470026FF7F /* Info.plist */ = {isa = PBXFileReference; lastKnownFileType = text.plist.xml; path = Info.plist; sourceTree = "<group>"; };
		285A668325239E470026FF7F /* todoviperTests.xctest */ = {isa = PBXFileReference; explicitFileType = wrapper.cfbundle; includeInIndex = 0; path = todoviperTests.xctest; sourceTree = BUILT_PRODUCTS_DIR; };
		285A668725239E470026FF7F /* todoviperTests.swift */ = {isa = PBXFileReference; lastKnownFileType = sourcecode.swift; path = todoviperTests.swift; sourceTree = "<group>"; };
		285A668925239E470026FF7F /* Info.plist */ = {isa = PBXFileReference; lastKnownFileType = text.plist.xml; path = Info.plist; sourceTree = "<group>"; };
		285A668E25239E470026FF7F /* todoviperUITests.xctest */ = {isa = PBXFileReference; explicitFileType = wrapper.cfbundle; includeInIndex = 0; path = todoviperUITests.xctest; sourceTree = BUILT_PRODUCTS_DIR; };
		285A669225239E470026FF7F /* todoviperUITests.swift */ = {isa = PBXFileReference; lastKnownFileType = sourcecode.swift; path = todoviperUITests.swift; sourceTree = "<group>"; };
		285A669425239E470026FF7F /* Info.plist */ = {isa = PBXFileReference; lastKnownFileType = text.plist.xml; path = Info.plist; sourceTree = "<group>"; };
		285A66A52523A1120026FF7F /* Item.swift */ = {isa = PBXFileReference; lastKnownFileType = sourcecode.swift; path = Item.swift; sourceTree = "<group>"; };
		285A66B82523A2DE0026FF7F /* DataManager.swift */ = {isa = PBXFileReference; lastKnownFileType = sourcecode.swift; path = DataManager.swift; sourceTree = "<group>"; };
		285A66C02523A9ED0026FF7F /* ListInteractor.swift */ = {isa = PBXFileReference; lastKnownFileType = sourcecode.swift; path = ListInteractor.swift; sourceTree = "<group>"; };
		285A66C62523AE730026FF7F /* ListPresenter.swift */ = {isa = PBXFileReference; lastKnownFileType = sourcecode.swift; path = ListPresenter.swift; sourceTree = "<group>"; };
		285A66CF2523AF2A0026FF7F /* ListViewController.swift */ = {isa = PBXFileReference; lastKnownFileType = sourcecode.swift; path = ListViewController.swift; sourceTree = "<group>"; };
		68ABDCCA2B3BA07AE4989D43 /* Pods-todoviper-todoviperUITests.release.xcconfig */ = {isa = PBXFileReference; includeInIndex = 1; lastKnownFileType = text.xcconfig; name = "Pods-todoviper-todoviperUITests.release.xcconfig"; path = "Target Support Files/Pods-todoviper-todoviperUITests/Pods-todoviper-todoviperUITests.release.xcconfig"; sourceTree = "<group>"; };
		6C2C6121737AADED45F22A40 /* Pods_todoviper.framework */ = {isa = PBXFileReference; explicitFileType = wrapper.framework; includeInIndex = 0; path = Pods_todoviper.framework; sourceTree = BUILT_PRODUCTS_DIR; };
		72117FB2A576B6240009B25D /* Pods_todoviper_todoviperUITests.framework */ = {isa = PBXFileReference; explicitFileType = wrapper.framework; includeInIndex = 0; path = Pods_todoviper_todoviperUITests.framework; sourceTree = BUILT_PRODUCTS_DIR; };
		737CD02C064408FF50B1DD33 /* Pods-todoviper-todoviperUITests.debug.xcconfig */ = {isa = PBXFileReference; includeInIndex = 1; lastKnownFileType = text.xcconfig; name = "Pods-todoviper-todoviperUITests.debug.xcconfig"; path = "Target Support Files/Pods-todoviper-todoviperUITests/Pods-todoviper-todoviperUITests.debug.xcconfig"; sourceTree = "<group>"; };
		9B55C713DAE11C8570FAB597 /* Pods-todoviper.release.xcconfig */ = {isa = PBXFileReference; includeInIndex = 1; lastKnownFileType = text.xcconfig; name = "Pods-todoviper.release.xcconfig"; path = "Target Support Files/Pods-todoviper/Pods-todoviper.release.xcconfig"; sourceTree = "<group>"; };
		B035560831281D58DEBDA0E9 /* Pods-todoviper.debug.xcconfig */ = {isa = PBXFileReference; includeInIndex = 1; lastKnownFileType = text.xcconfig; name = "Pods-todoviper.debug.xcconfig"; path = "Target Support Files/Pods-todoviper/Pods-todoviper.debug.xcconfig"; sourceTree = "<group>"; };
		C03A940D3198B1CC97C8DBF4 /* Pods-todoviperTests.release.xcconfig */ = {isa = PBXFileReference; includeInIndex = 1; lastKnownFileType = text.xcconfig; name = "Pods-todoviperTests.release.xcconfig"; path = "Target Support Files/Pods-todoviperTests/Pods-todoviperTests.release.xcconfig"; sourceTree = "<group>"; };
/* End PBXFileReference section */

/* Begin PBXFrameworksBuildPhase section */
		285A666A25239E460026FF7F /* Frameworks */ = {
			isa = PBXFrameworksBuildPhase;
			buildActionMask = 2147483647;
			files = (
				99C65012FFEE29AAB4817374 /* Pods_todoviper.framework in Frameworks */,
			);
			runOnlyForDeploymentPostprocessing = 0;
		};
		285A668025239E470026FF7F /* Frameworks */ = {
			isa = PBXFrameworksBuildPhase;
			buildActionMask = 2147483647;
			files = (
				66B60D4D86F3A2BD308990CD /* Pods_todoviperTests.framework in Frameworks */,
			);
			runOnlyForDeploymentPostprocessing = 0;
		};
		285A668B25239E470026FF7F /* Frameworks */ = {
			isa = PBXFrameworksBuildPhase;
			buildActionMask = 2147483647;
			files = (
				E5F35065EB811311660E5FAB /* Pods_todoviper_todoviperUITests.framework in Frameworks */,
			);
			runOnlyForDeploymentPostprocessing = 0;
		};
/* End PBXFrameworksBuildPhase section */

/* Begin PBXGroup section */
		285A666425239E460026FF7F = {
			isa = PBXGroup;
			children = (
				285A666F25239E460026FF7F /* todoviper */,
				285A668625239E470026FF7F /* todoviperTests */,
				285A669125239E470026FF7F /* todoviperUITests */,
				285A666E25239E460026FF7F /* Products */,
				4FE2623AB9A5F64763A2AC7E /* Pods */,
				87D60A3A8E064BF06FCF6729 /* Frameworks */,
			);
			sourceTree = "<group>";
		};
		285A666E25239E460026FF7F /* Products */ = {
			isa = PBXGroup;
			children = (
				285A666D25239E460026FF7F /* todoviper.app */,
				285A668325239E470026FF7F /* todoviperTests.xctest */,
				285A668E25239E470026FF7F /* todoviperUITests.xctest */,
			);
			name = Products;
			sourceTree = "<group>";
		};
		285A666F25239E460026FF7F /* todoviper */ = {
			isa = PBXGroup;
			children = (
				285A66A32523A06B0026FF7F /* ListModule */,
				285A667025239E460026FF7F /* AppDelegate.swift */,
				285A667225239E460026FF7F /* SceneDelegate.swift */,
				285A667425239E460026FF7F /* ContentView.swift */,
				285A667625239E470026FF7F /* Assets.xcassets */,
				285A667B25239E470026FF7F /* LaunchScreen.storyboard */,
				285A667E25239E470026FF7F /* Info.plist */,
				285A667825239E470026FF7F /* Preview Content */,
			);
			path = todoviper;
			sourceTree = "<group>";
		};
		285A667825239E470026FF7F /* Preview Content */ = {
			isa = PBXGroup;
			children = (
				285A667925239E470026FF7F /* Preview Assets.xcassets */,
			);
			path = "Preview Content";
			sourceTree = "<group>";
		};
		285A668625239E470026FF7F /* todoviperTests */ = {
			isa = PBXGroup;
			children = (
				285A668725239E470026FF7F /* todoviperTests.swift */,
				285A668925239E470026FF7F /* Info.plist */,
			);
			path = todoviperTests;
			sourceTree = "<group>";
		};
		285A669125239E470026FF7F /* todoviperUITests */ = {
			isa = PBXGroup;
			children = (
				285A669225239E470026FF7F /* todoviperUITests.swift */,
				285A669425239E470026FF7F /* Info.plist */,
			);
			path = todoviperUITests;
			sourceTree = "<group>";
		};
		285A66A32523A06B0026FF7F /* ListModule */ = {
			isa = PBXGroup;
			children = (
				285A66CE2523AEF00026FF7F /* View */,
				285A66C52523AE4D0026FF7F /* Presenter */,
				285A66B72523A2D00026FF7F /* DatManager */,
				285A66AD2523A14F0026FF7F /* Interactor */,
				285A66A42523A0E60026FF7F /* Entity */,
			);
			path = ListModule;
			sourceTree = "<group>";
		};
		285A66A42523A0E60026FF7F /* Entity */ = {
			isa = PBXGroup;
			children = (
				285A66A52523A1120026FF7F /* Item.swift */,
			);
			path = Entity;
			sourceTree = "<group>";
		};
		285A66AD2523A14F0026FF7F /* Interactor */ = {
			isa = PBXGroup;
			children = (
				285A66C02523A9ED0026FF7F /* ListInteractor.swift */,
			);
			path = Interactor;
			sourceTree = "<group>";
		};
		285A66B72523A2D00026FF7F /* DatManager */ = {
			isa = PBXGroup;
			children = (
				285A66B82523A2DE0026FF7F /* DataManager.swift */,
			);
			path = DatManager;
			sourceTree = "<group>";
		};
		285A66C52523AE4D0026FF7F /* Presenter */ = {
			isa = PBXGroup;
			children = (
				285A66C62523AE730026FF7F /* ListPresenter.swift */,
			);
			path = Presenter;
			sourceTree = "<group>";
		};
		285A66CE2523AEF00026FF7F /* View */ = {
			isa = PBXGroup;
			children = (
				285A66CF2523AF2A0026FF7F /* ListViewController.swift */,
			);
			path = View;
			sourceTree = "<group>";
		};
		4FE2623AB9A5F64763A2AC7E /* Pods */ = {
			isa = PBXGroup;
			children = (
				B035560831281D58DEBDA0E9 /* Pods-todoviper.debug.xcconfig */,
				9B55C713DAE11C8570FAB597 /* Pods-todoviper.release.xcconfig */,
				737CD02C064408FF50B1DD33 /* Pods-todoviper-todoviperUITests.debug.xcconfig */,
				68ABDCCA2B3BA07AE4989D43 /* Pods-todoviper-todoviperUITests.release.xcconfig */,
				1A9C381B178F554D27941E8E /* Pods-todoviperTests.debug.xcconfig */,
				C03A940D3198B1CC97C8DBF4 /* Pods-todoviperTests.release.xcconfig */,
			);
			path = Pods;
			sourceTree = "<group>";
		};
		87D60A3A8E064BF06FCF6729 /* Frameworks */ = {
			isa = PBXGroup;
			children = (
				6C2C6121737AADED45F22A40 /* Pods_todoviper.framework */,
				72117FB2A576B6240009B25D /* Pods_todoviper_todoviperUITests.framework */,
				17B5BF1407CD476F56357A1C /* Pods_todoviperTests.framework */,
			);
			name = Frameworks;
			sourceTree = "<group>";
		};
/* End PBXGroup section */

/* Begin PBXNativeTarget section */
		285A666C25239E460026FF7F /* todoviper */ = {
			isa = PBXNativeTarget;
			buildConfigurationList = 285A669725239E470026FF7F /* Build configuration list for PBXNativeTarget "todoviper" */;
			buildPhases = (
				7096920B6FB389FF8CBDA929 /* [CP] Check Pods Manifest.lock */,
				285A666925239E460026FF7F /* Sources */,
				285A666A25239E460026FF7F /* Frameworks */,
				285A666B25239E460026FF7F /* Resources */,
				C68B6604CE14AE8A86DED661 /* [CP] Embed Pods Frameworks */,
			);
			buildRules = (
			);
			dependencies = (
			);
			name = todoviper;
			productName = todoviper;
			productReference = 285A666D25239E460026FF7F /* todoviper.app */;
			productType = "com.apple.product-type.application";
		};
		285A668225239E470026FF7F /* todoviperTests */ = {
			isa = PBXNativeTarget;
			buildConfigurationList = 285A669A25239E470026FF7F /* Build configuration list for PBXNativeTarget "todoviperTests" */;
			buildPhases = (
				EAEE14356649070EF3B201D9 /* [CP] Check Pods Manifest.lock */,
				285A667F25239E470026FF7F /* Sources */,
				285A668025239E470026FF7F /* Frameworks */,
				285A668125239E470026FF7F /* Resources */,
			);
			buildRules = (
			);
			dependencies = (
				285A668525239E470026FF7F /* PBXTargetDependency */,
			);
			name = todoviperTests;
			productName = todoviperTests;
			productReference = 285A668325239E470026FF7F /* todoviperTests.xctest */;
			productType = "com.apple.product-type.bundle.unit-test";
		};
		285A668D25239E470026FF7F /* todoviperUITests */ = {
			isa = PBXNativeTarget;
			buildConfigurationList = 285A669D25239E470026FF7F /* Build configuration list for PBXNativeTarget "todoviperUITests" */;
			buildPhases = (
				281CB826F721E214A078AB87 /* [CP] Check Pods Manifest.lock */,
				285A668A25239E470026FF7F /* Sources */,
				285A668B25239E470026FF7F /* Frameworks */,
				285A668C25239E470026FF7F /* Resources */,
				DB7D823EED528993A66481C2 /* [CP] Embed Pods Frameworks */,
			);
			buildRules = (
			);
			dependencies = (
				285A669025239E470026FF7F /* PBXTargetDependency */,
			);
			name = todoviperUITests;
			productName = todoviperUITests;
			productReference = 285A668E25239E470026FF7F /* todoviperUITests.xctest */;
			productType = "com.apple.product-type.bundle.ui-testing";
		};
/* End PBXNativeTarget section */

/* Begin PBXProject section */
		285A666525239E460026FF7F /* Project object */ = {
			isa = PBXProject;
			attributes = {
				LastSwiftUpdateCheck = 1200;
				LastUpgradeCheck = 1200;
				TargetAttributes = {
					285A666C25239E460026FF7F = {
						CreatedOnToolsVersion = 12.0;
					};
					285A668225239E470026FF7F = {
						CreatedOnToolsVersion = 12.0;
						TestTargetID = 285A666C25239E460026FF7F;
					};
					285A668D25239E470026FF7F = {
						CreatedOnToolsVersion = 12.0;
						TestTargetID = 285A666C25239E460026FF7F;
					};
				};
			};
			buildConfigurationList = 285A666825239E460026FF7F /* Build configuration list for PBXProject "todoviper" */;
			compatibilityVersion = "Xcode 9.3";
			developmentRegion = en;
			hasScannedForEncodings = 0;
			knownRegions = (
				en,
				Base,
			);
			mainGroup = 285A666425239E460026FF7F;
			productRefGroup = 285A666E25239E460026FF7F /* Products */;
			projectDirPath = "";
			projectRoot = "";
			targets = (
				285A666C25239E460026FF7F /* todoviper */,
				285A668225239E470026FF7F /* todoviperTests */,
				285A668D25239E470026FF7F /* todoviperUITests */,
			);
		};
/* End PBXProject section */

/* Begin PBXResourcesBuildPhase section */
		285A666B25239E460026FF7F /* Resources */ = {
			isa = PBXResourcesBuildPhase;
			buildActionMask = 2147483647;
			files = (
				285A667D25239E470026FF7F /* LaunchScreen.storyboard in Resources */,
				285A667A25239E470026FF7F /* Preview Assets.xcassets in Resources */,
				285A667725239E470026FF7F /* Assets.xcassets in Resources */,
			);
			runOnlyForDeploymentPostprocessing = 0;
		};
		285A668125239E470026FF7F /* Resources */ = {
			isa = PBXResourcesBuildPhase;
			buildActionMask = 2147483647;
			files = (
			);
			runOnlyForDeploymentPostprocessing = 0;
		};
		285A668C25239E470026FF7F /* Resources */ = {
			isa = PBXResourcesBuildPhase;
			buildActionMask = 2147483647;
			files = (
			);
			runOnlyForDeploymentPostprocessing = 0;
		};
/* End PBXResourcesBuildPhase section */

/* Begin PBXShellScriptBuildPhase section */
		281CB826F721E214A078AB87 /* [CP] Check Pods Manifest.lock */ = {
			isa = PBXShellScriptBuildPhase;
			buildActionMask = 2147483647;
			files = (
			);
			inputFileListPaths = (
			);
			inputPaths = (
				"${PODS_PODFILE_DIR_PATH}/Podfile.lock",
				"${PODS_ROOT}/Manifest.lock",
			);
			name = "[CP] Check Pods Manifest.lock";
			outputFileListPaths = (
			);
			outputPaths = (
				"$(DERIVED_FILE_DIR)/Pods-todoviper-todoviperUITests-checkManifestLockResult.txt",
			);
			runOnlyForDeploymentPostprocessing = 0;
			shellPath = /bin/sh;
			shellScript = "diff \"${PODS_PODFILE_DIR_PATH}/Podfile.lock\" \"${PODS_ROOT}/Manifest.lock\" > /dev/null\nif [ $? != 0 ] ; then\n    # print error to STDERR\n    echo \"error: The sandbox is not in sync with the Podfile.lock. Run 'pod install' or update your CocoaPods installation.\" >&2\n    exit 1\nfi\n# This output is used by Xcode 'outputs' to avoid re-running this script phase.\necho \"SUCCESS\" > \"${SCRIPT_OUTPUT_FILE_0}\"\n";
			showEnvVarsInLog = 0;
		};
		7096920B6FB389FF8CBDA929 /* [CP] Check Pods Manifest.lock */ = {
			isa = PBXShellScriptBuildPhase;
			buildActionMask = 2147483647;
			files = (
			);
			inputFileListPaths = (
			);
			inputPaths = (
				"${PODS_PODFILE_DIR_PATH}/Podfile.lock",
				"${PODS_ROOT}/Manifest.lock",
			);
			name = "[CP] Check Pods Manifest.lock";
			outputFileListPaths = (
			);
			outputPaths = (
				"$(DERIVED_FILE_DIR)/Pods-todoviper-checkManifestLockResult.txt",
			);
			runOnlyForDeploymentPostprocessing = 0;
			shellPath = /bin/sh;
			shellScript = "diff \"${PODS_PODFILE_DIR_PATH}/Podfile.lock\" \"${PODS_ROOT}/Manifest.lock\" > /dev/null\nif [ $? != 0 ] ; then\n    # print error to STDERR\n    echo \"error: The sandbox is not in sync with the Podfile.lock. Run 'pod install' or update your CocoaPods installation.\" >&2\n    exit 1\nfi\n# This output is used by Xcode 'outputs' to avoid re-running this script phase.\necho \"SUCCESS\" > \"${SCRIPT_OUTPUT_FILE_0}\"\n";
			showEnvVarsInLog = 0;
		};
		C68B6604CE14AE8A86DED661 /* [CP] Embed Pods Frameworks */ = {
			isa = PBXShellScriptBuildPhase;
			buildActionMask = 2147483647;
			files = (
			);
			inputFileListPaths = (
				"${PODS_ROOT}/Target Support Files/Pods-todoviper/Pods-todoviper-frameworks-${CONFIGURATION}-input-files.xcfilelist",
			);
			name = "[CP] Embed Pods Frameworks";
			outputFileListPaths = (
				"${PODS_ROOT}/Target Support Files/Pods-todoviper/Pods-todoviper-frameworks-${CONFIGURATION}-output-files.xcfilelist",
			);
			runOnlyForDeploymentPostprocessing = 0;
			shellPath = /bin/sh;
			shellScript = "\"${PODS_ROOT}/Target Support Files/Pods-todoviper/Pods-todoviper-frameworks.sh\"\n";
			showEnvVarsInLog = 0;
		};
		DB7D823EED528993A66481C2 /* [CP] Embed Pods Frameworks */ = {
			isa = PBXShellScriptBuildPhase;
			buildActionMask = 2147483647;
			files = (
			);
			inputFileListPaths = (
				"${PODS_ROOT}/Target Support Files/Pods-todoviper-todoviperUITests/Pods-todoviper-todoviperUITests-frameworks-${CONFIGURATION}-input-files.xcfilelist",
			);
			name = "[CP] Embed Pods Frameworks";
			outputFileListPaths = (
				"${PODS_ROOT}/Target Support Files/Pods-todoviper-todoviperUITests/Pods-todoviper-todoviperUITests-frameworks-${CONFIGURATION}-output-files.xcfilelist",
			);
			runOnlyForDeploymentPostprocessing = 0;
			shellPath = /bin/sh;
			shellScript = "\"${PODS_ROOT}/Target Support Files/Pods-todoviper-todoviperUITests/Pods-todoviper-todoviperUITests-frameworks.sh\"\n";
			showEnvVarsInLog = 0;
		};
		EAEE14356649070EF3B201D9 /* [CP] Check Pods Manifest.lock */ = {
			isa = PBXShellScriptBuildPhase;
			buildActionMask = 2147483647;
			files = (
			);
			inputFileListPaths = (
			);
			inputPaths = (
				"${PODS_PODFILE_DIR_PATH}/Podfile.lock",
				"${PODS_ROOT}/Manifest.lock",
			);
			name = "[CP] Check Pods Manifest.lock";
			outputFileListPaths = (
			);
			outputPaths = (
				"$(DERIVED_FILE_DIR)/Pods-todoviperTests-checkManifestLockResult.txt",
			);
			runOnlyForDeploymentPostprocessing = 0;
			shellPath = /bin/sh;
			shellScript = "diff \"${PODS_PODFILE_DIR_PATH}/Podfile.lock\" \"${PODS_ROOT}/Manifest.lock\" > /dev/null\nif [ $? != 0 ] ; then\n    # print error to STDERR\n    echo \"error: The sandbox is not in sync with the Podfile.lock. Run 'pod install' or update your CocoaPods installation.\" >&2\n    exit 1\nfi\n# This output is used by Xcode 'outputs' to avoid re-running this script phase.\necho \"SUCCESS\" > \"${SCRIPT_OUTPUT_FILE_0}\"\n";
			showEnvVarsInLog = 0;
		};
/* End PBXShellScriptBuildPhase section */

/* Begin PBXSourcesBuildPhase section */
		285A666925239E460026FF7F /* Sources */ = {
			isa = PBXSourcesBuildPhase;
			buildActionMask = 2147483647;
			files = (
				285A66C72523AE730026FF7F /* ListPresenter.swift in Sources */,
				285A66C12523A9ED0026FF7F /* ListInteractor.swift in Sources */,
				285A66A62523A1120026FF7F /* Item.swift in Sources */,
				285A66B92523A2DE0026FF7F /* DataManager.swift in Sources */,
				285A667125239E460026FF7F /* AppDelegate.swift in Sources */,
				285A667325239E460026FF7F /* SceneDelegate.swift in Sources */,
				285A66D02523AF2A0026FF7F /* ListViewController.swift in Sources */,
				285A667525239E460026FF7F /* ContentView.swift in Sources */,
			);
			runOnlyForDeploymentPostprocessing = 0;
		};
		285A667F25239E470026FF7F /* Sources */ = {
			isa = PBXSourcesBuildPhase;
			buildActionMask = 2147483647;
			files = (
				285A668825239E470026FF7F /* todoviperTests.swift in Sources */,
			);
			runOnlyForDeploymentPostprocessing = 0;
		};
		285A668A25239E470026FF7F /* Sources */ = {
			isa = PBXSourcesBuildPhase;
			buildActionMask = 2147483647;
			files = (
				285A669325239E470026FF7F /* todoviperUITests.swift in Sources */,
			);
			runOnlyForDeploymentPostprocessing = 0;
		};
/* End PBXSourcesBuildPhase section */

/* Begin PBXTargetDependency section */
		285A668525239E470026FF7F /* PBXTargetDependency */ = {
			isa = PBXTargetDependency;
			target = 285A666C25239E460026FF7F /* todoviper */;
			targetProxy = 285A668425239E470026FF7F /* PBXContainerItemProxy */;
		};
		285A669025239E470026FF7F /* PBXTargetDependency */ = {
			isa = PBXTargetDependency;
			target = 285A666C25239E460026FF7F /* todoviper */;
			targetProxy = 285A668F25239E470026FF7F /* PBXContainerItemProxy */;
		};
/* End PBXTargetDependency section */

/* Begin PBXVariantGroup section */
		285A667B25239E470026FF7F /* LaunchScreen.storyboard */ = {
			isa = PBXVariantGroup;
			children = (
				285A667C25239E470026FF7F /* Base */,
			);
			name = LaunchScreen.storyboard;
			sourceTree = "<group>";
		};
/* End PBXVariantGroup section */

/* Begin XCBuildConfiguration section */
		285A669525239E470026FF7F /* Debug */ = {
			isa = XCBuildConfiguration;
			buildSettings = {
				ALWAYS_SEARCH_USER_PATHS = NO;
				CLANG_ANALYZER_NONNULL = YES;
				CLANG_ANALYZER_NUMBER_OBJECT_CONVERSION = YES_AGGRESSIVE;
				CLANG_CXX_LANGUAGE_STANDARD = "gnu++14";
				CLANG_CXX_LIBRARY = "libc++";
				CLANG_ENABLE_MODULES = YES;
				CLANG_ENABLE_OBJC_ARC = YES;
				CLANG_ENABLE_OBJC_WEAK = YES;
				CLANG_WARN_BLOCK_CAPTURE_AUTORELEASING = YES;
				CLANG_WARN_BOOL_CONVERSION = YES;
				CLANG_WARN_COMMA = YES;
				CLANG_WARN_CONSTANT_CONVERSION = YES;
				CLANG_WARN_DEPRECATED_OBJC_IMPLEMENTATIONS = YES;
				CLANG_WARN_DIRECT_OBJC_ISA_USAGE = YES_ERROR;
				CLANG_WARN_DOCUMENTATION_COMMENTS = YES;
				CLANG_WARN_EMPTY_BODY = YES;
				CLANG_WARN_ENUM_CONVERSION = YES;
				CLANG_WARN_INFINITE_RECURSION = YES;
				CLANG_WARN_INT_CONVERSION = YES;
				CLANG_WARN_NON_LITERAL_NULL_CONVERSION = YES;
				CLANG_WARN_OBJC_IMPLICIT_RETAIN_SELF = YES;
				CLANG_WARN_OBJC_LITERAL_CONVERSION = YES;
				CLANG_WARN_OBJC_ROOT_CLASS = YES_ERROR;
				CLANG_WARN_QUOTED_INCLUDE_IN_FRAMEWORK_HEADER = YES;
				CLANG_WARN_RANGE_LOOP_ANALYSIS = YES;
				CLANG_WARN_STRICT_PROTOTYPES = YES;
				CLANG_WARN_SUSPICIOUS_MOVE = YES;
				CLANG_WARN_UNGUARDED_AVAILABILITY = YES_AGGRESSIVE;
				CLANG_WARN_UNREACHABLE_CODE = YES;
				CLANG_WARN__DUPLICATE_METHOD_MATCH = YES;
				COPY_PHASE_STRIP = NO;
				DEBUG_INFORMATION_FORMAT = dwarf;
				ENABLE_STRICT_OBJC_MSGSEND = YES;
				ENABLE_TESTABILITY = YES;
				GCC_C_LANGUAGE_STANDARD = gnu11;
				GCC_DYNAMIC_NO_PIC = NO;
				GCC_NO_COMMON_BLOCKS = YES;
				GCC_OPTIMIZATION_LEVEL = 0;
				GCC_PREPROCESSOR_DEFINITIONS = (
					"DEBUG=1",
					"$(inherited)",
				);
				GCC_WARN_64_TO_32_BIT_CONVERSION = YES;
				GCC_WARN_ABOUT_RETURN_TYPE = YES_ERROR;
				GCC_WARN_UNDECLARED_SELECTOR = YES;
				GCC_WARN_UNINITIALIZED_AUTOS = YES_AGGRESSIVE;
				GCC_WARN_UNUSED_FUNCTION = YES;
				GCC_WARN_UNUSED_VARIABLE = YES;
				IPHONEOS_DEPLOYMENT_TARGET = 14.0;
				MTL_ENABLE_DEBUG_INFO = INCLUDE_SOURCE;
				MTL_FAST_MATH = YES;
				ONLY_ACTIVE_ARCH = YES;
				SDKROOT = iphoneos;
				SWIFT_ACTIVE_COMPILATION_CONDITIONS = DEBUG;
				SWIFT_OPTIMIZATION_LEVEL = "-Onone";
			};
			name = Debug;
		};
		285A669625239E470026FF7F /* Release */ = {
			isa = XCBuildConfiguration;
			buildSettings = {
				ALWAYS_SEARCH_USER_PATHS = NO;
				CLANG_ANALYZER_NONNULL = YES;
				CLANG_ANALYZER_NUMBER_OBJECT_CONVERSION = YES_AGGRESSIVE;
				CLANG_CXX_LANGUAGE_STANDARD = "gnu++14";
				CLANG_CXX_LIBRARY = "libc++";
				CLANG_ENABLE_MODULES = YES;
				CLANG_ENABLE_OBJC_ARC = YES;
				CLANG_ENABLE_OBJC_WEAK = YES;
				CLANG_WARN_BLOCK_CAPTURE_AUTORELEASING = YES;
				CLANG_WARN_BOOL_CONVERSION = YES;
				CLANG_WARN_COMMA = YES;
				CLANG_WARN_CONSTANT_CONVERSION = YES;
				CLANG_WARN_DEPRECATED_OBJC_IMPLEMENTATIONS = YES;
				CLANG_WARN_DIRECT_OBJC_ISA_USAGE = YES_ERROR;
				CLANG_WARN_DOCUMENTATION_COMMENTS = YES;
				CLANG_WARN_EMPTY_BODY = YES;
				CLANG_WARN_ENUM_CONVERSION = YES;
				CLANG_WARN_INFINITE_RECURSION = YES;
				CLANG_WARN_INT_CONVERSION = YES;
				CLANG_WARN_NON_LITERAL_NULL_CONVERSION = YES;
				CLANG_WARN_OBJC_IMPLICIT_RETAIN_SELF = YES;
				CLANG_WARN_OBJC_LITERAL_CONVERSION = YES;
				CLANG_WARN_OBJC_ROOT_CLASS = YES_ERROR;
				CLANG_WARN_QUOTED_INCLUDE_IN_FRAMEWORK_HEADER = YES;
				CLANG_WARN_RANGE_LOOP_ANALYSIS = YES;
				CLANG_WARN_STRICT_PROTOTYPES = YES;
				CLANG_WARN_SUSPICIOUS_MOVE = YES;
				CLANG_WARN_UNGUARDED_AVAILABILITY = YES_AGGRESSIVE;
				CLANG_WARN_UNREACHABLE_CODE = YES;
				CLANG_WARN__DUPLICATE_METHOD_MATCH = YES;
				COPY_PHASE_STRIP = NO;
				DEBUG_INFORMATION_FORMAT = "dwarf-with-dsym";
				ENABLE_NS_ASSERTIONS = NO;
				ENABLE_STRICT_OBJC_MSGSEND = YES;
				GCC_C_LANGUAGE_STANDARD = gnu11;
				GCC_NO_COMMON_BLOCKS = YES;
				GCC_WARN_64_TO_32_BIT_CONVERSION = YES;
				GCC_WARN_ABOUT_RETURN_TYPE = YES_ERROR;
				GCC_WARN_UNDECLARED_SELECTOR = YES;
				GCC_WARN_UNINITIALIZED_AUTOS = YES_AGGRESSIVE;
				GCC_WARN_UNUSED_FUNCTION = YES;
				GCC_WARN_UNUSED_VARIABLE = YES;
				IPHONEOS_DEPLOYMENT_TARGET = 14.0;
				MTL_ENABLE_DEBUG_INFO = NO;
				MTL_FAST_MATH = YES;
				SDKROOT = iphoneos;
				SWIFT_COMPILATION_MODE = wholemodule;
				SWIFT_OPTIMIZATION_LEVEL = "-O";
				VALIDATE_PRODUCT = YES;
			};
			name = Release;
		};
		285A669825239E470026FF7F /* Debug */ = {
			isa = XCBuildConfiguration;
			baseConfigurationReference = B035560831281D58DEBDA0E9 /* Pods-todoviper.debug.xcconfig */;
			buildSettings = {
				ASSETCATALOG_COMPILER_APPICON_NAME = AppIcon;
				ASSETCATALOG_COMPILER_GLOBAL_ACCENT_COLOR_NAME = AccentColor;
				CODE_SIGN_STYLE = Automatic;
				DEVELOPMENT_ASSET_PATHS = "\"todoviper/Preview Content\"";
				ENABLE_PREVIEWS = YES;
				INFOPLIST_FILE = todoviper/Info.plist;
				LD_RUNPATH_SEARCH_PATHS = (
					"$(inherited)",
					"@executable_path/Frameworks",
				);
				PRODUCT_BUNDLE_IDENTIFIER = applaudostudios.todoviper;
				PRODUCT_NAME = "$(TARGET_NAME)";
				SWIFT_VERSION = 5.0;
				TARGETED_DEVICE_FAMILY = "1,2";
			};
			name = Debug;
		};
		285A669925239E470026FF7F /* Release */ = {
			isa = XCBuildConfiguration;
			baseConfigurationReference = 9B55C713DAE11C8570FAB597 /* Pods-todoviper.release.xcconfig */;
			buildSettings = {
				ASSETCATALOG_COMPILER_APPICON_NAME = AppIcon;
				ASSETCATALOG_COMPILER_GLOBAL_ACCENT_COLOR_NAME = AccentColor;
				CODE_SIGN_STYLE = Automatic;
				DEVELOPMENT_ASSET_PATHS = "\"todoviper/Preview Content\"";
				ENABLE_PREVIEWS = YES;
				INFOPLIST_FILE = todoviper/Info.plist;
				LD_RUNPATH_SEARCH_PATHS = (
					"$(inherited)",
					"@executable_path/Frameworks",
				);
				PRODUCT_BUNDLE_IDENTIFIER = applaudostudios.todoviper;
				PRODUCT_NAME = "$(TARGET_NAME)";
				SWIFT_VERSION = 5.0;
				TARGETED_DEVICE_FAMILY = "1,2";
			};
			name = Release;
		};
		285A669B25239E470026FF7F /* Debug */ = {
			isa = XCBuildConfiguration;
			baseConfigurationReference = 1A9C381B178F554D27941E8E /* Pods-todoviperTests.debug.xcconfig */;
			buildSettings = {
				ALWAYS_EMBED_SWIFT_STANDARD_LIBRARIES = YES;
				BUNDLE_LOADER = "$(TEST_HOST)";
				CODE_SIGN_STYLE = Automatic;
				INFOPLIST_FILE = todoviperTests/Info.plist;
				IPHONEOS_DEPLOYMENT_TARGET = 14.0;
				LD_RUNPATH_SEARCH_PATHS = (
					"$(inherited)",
					"@executable_path/Frameworks",
					"@loader_path/Frameworks",
				);
				PRODUCT_BUNDLE_IDENTIFIER = applaudostudios.todoviperTests;
				PRODUCT_NAME = "$(TARGET_NAME)";
				SWIFT_VERSION = 5.0;
				TARGETED_DEVICE_FAMILY = "1,2";
				TEST_HOST = "$(BUILT_PRODUCTS_DIR)/todoviper.app/todoviper";
			};
			name = Debug;
		};
		285A669C25239E470026FF7F /* Release */ = {
			isa = XCBuildConfiguration;
			baseConfigurationReference = C03A940D3198B1CC97C8DBF4 /* Pods-todoviperTests.release.xcconfig */;
			buildSettings = {
				ALWAYS_EMBED_SWIFT_STANDARD_LIBRARIES = YES;
				BUNDLE_LOADER = "$(TEST_HOST)";
				CODE_SIGN_STYLE = Automatic;
				INFOPLIST_FILE = todoviperTests/Info.plist;
				IPHONEOS_DEPLOYMENT_TARGET = 14.0;
				LD_RUNPATH_SEARCH_PATHS = (
					"$(inherited)",
					"@executable_path/Frameworks",
					"@loader_path/Frameworks",
				);
				PRODUCT_BUNDLE_IDENTIFIER = applaudostudios.todoviperTests;
				PRODUCT_NAME = "$(TARGET_NAME)";
				SWIFT_VERSION = 5.0;
				TARGETED_DEVICE_FAMILY = "1,2";
				TEST_HOST = "$(BUILT_PRODUCTS_DIR)/todoviper.app/todoviper";
			};
			name = Release;
		};
		285A669E25239E470026FF7F /* Debug */ = {
			isa = XCBuildConfiguration;
			baseConfigurationReference = 737CD02C064408FF50B1DD33 /* Pods-todoviper-todoviperUITests.debug.xcconfig */;
			buildSettings = {
				ALWAYS_EMBED_SWIFT_STANDARD_LIBRARIES = YES;
				CODE_SIGN_STYLE = Automatic;
				INFOPLIST_FILE = todoviperUITests/Info.plist;
				LD_RUNPATH_SEARCH_PATHS = (
					"$(inherited)",
					"@executable_path/Frameworks",
					"@loader_path/Frameworks",
				);
				PRODUCT_BUNDLE_IDENTIFIER = applaudostudios.todoviperUITests;
				PRODUCT_NAME = "$(TARGET_NAME)";
				SWIFT_VERSION = 5.0;
				TARGETED_DEVICE_FAMILY = "1,2";
				TEST_TARGET_NAME = todoviper;
			};
			name = Debug;
		};
		285A669F25239E470026FF7F /* Release */ = {
			isa = XCBuildConfiguration;
			baseConfigurationReference = 68ABDCCA2B3BA07AE4989D43 /* Pods-todoviper-todoviperUITests.release.xcconfig */;
			buildSettings = {
				ALWAYS_EMBED_SWIFT_STANDARD_LIBRARIES = YES;
				CODE_SIGN_STYLE = Automatic;
				INFOPLIST_FILE = todoviperUITests/Info.plist;
				LD_RUNPATH_SEARCH_PATHS = (
					"$(inherited)",
					"@executable_path/Frameworks",
					"@loader_path/Frameworks",
				);
				PRODUCT_BUNDLE_IDENTIFIER = applaudostudios.todoviperUITests;
				PRODUCT_NAME = "$(TARGET_NAME)";
				SWIFT_VERSION = 5.0;
				TARGETED_DEVICE_FAMILY = "1,2";
				TEST_TARGET_NAME = todoviper;
			};
			name = Release;
		};
/* End XCBuildConfiguration section */

/* Begin XCConfigurationList section */
		285A666825239E460026FF7F /* Build configuration list for PBXProject "todoviper" */ = {
			isa = XCConfigurationList;
			buildConfigurations = (
				285A669525239E470026FF7F /* Debug */,
				285A669625239E470026FF7F /* Release */,
			);
			defaultConfigurationIsVisible = 0;
			defaultConfigurationName = Release;
		};
		285A669725239E470026FF7F /* Build configuration list for PBXNativeTarget "todoviper" */ = {
			isa = XCConfigurationList;
			buildConfigurations = (
				285A669825239E470026FF7F /* Debug */,
				285A669925239E470026FF7F /* Release */,
			);
			defaultConfigurationIsVisible = 0;
			defaultConfigurationName = Release;
		};
		285A669A25239E470026FF7F /* Build configuration list for PBXNativeTarget "todoviperTests" */ = {
			isa = XCConfigurationList;
			buildConfigurations = (
				285A669B25239E470026FF7F /* Debug */,
				285A669C25239E470026FF7F /* Release */,
			);
			defaultConfigurationIsVisible = 0;
			defaultConfigurationName = Release;
		};
		285A669D25239E470026FF7F /* Build configuration list for PBXNativeTarget "todoviperUITests" */ = {
			isa = XCConfigurationList;
			buildConfigurations = (
				285A669E25239E470026FF7F /* Debug */,
				285A669F25239E470026FF7F /* Release */,
			);
			defaultConfigurationIsVisible = 0;
			defaultConfigurationName = Release;
		};
/* End XCConfigurationList section */
	};
	rootObject = 285A666525239E460026FF7F /* Project object */;
}
